// !$*UTF8*$!
{
	archiveVersion = 1;
	classes = {
	};
	objectVersion = 55;
	objects = {

/* Begin PBXBuildFile section */
		714830FD27FBA14C00431176 /* ProfileAvatar.swift in Sources */ = {isa = PBXBuildFile; fileRef = 714830FC27FBA14C00431176 /* ProfileAvatar.swift */; };
		714830FF27FBA9F400431176 /* SettingsButtonView.swift in Sources */ = {isa = PBXBuildFile; fileRef = 714830FE27FBA9F400431176 /* SettingsButtonView.swift */; };
		71BAE8D227FB9EF100EC6B66 /* AppDelegate.swift in Sources */ = {isa = PBXBuildFile; fileRef = 71BAE8D127FB9EF100EC6B66 /* AppDelegate.swift */; };
		71BAE8D427FB9EF100EC6B66 /* SceneDelegate.swift in Sources */ = {isa = PBXBuildFile; fileRef = 71BAE8D327FB9EF100EC6B66 /* SceneDelegate.swift */; };
		71BAE8D627FB9EF100EC6B66 /* ViewController.swift in Sources */ = {isa = PBXBuildFile; fileRef = 71BAE8D527FB9EF100EC6B66 /* ViewController.swift */; };
		71BAE8D927FB9EF100EC6B66 /* Main.storyboard in Resources */ = {isa = PBXBuildFile; fileRef = 71BAE8D727FB9EF100EC6B66 /* Main.storyboard */; };
		71BAE8DB27FB9EF200EC6B66 /* Assets.xcassets in Resources */ = {isa = PBXBuildFile; fileRef = 71BAE8DA27FB9EF200EC6B66 /* Assets.xcassets */; };
		71BAE8DE27FB9EF200EC6B66 /* LaunchScreen.storyboard in Resources */ = {isa = PBXBuildFile; fileRef = 71BAE8DC27FB9EF200EC6B66 /* LaunchScreen.storyboard */; };
		71BAE8E627FB9FAB00EC6B66 /* SettingsView.swift in Sources */ = {isa = PBXBuildFile; fileRef = 71BAE8E527FB9FAB00EC6B66 /* SettingsView.swift */; };
/* End PBXBuildFile section */

/* Begin PBXFileReference section */
		714830FC27FBA14C00431176 /* ProfileAvatar.swift */ = {isa = PBXFileReference; lastKnownFileType = sourcecode.swift; path = ProfileAvatar.swift; sourceTree = "<group>"; };
		714830FE27FBA9F400431176 /* SettingsButtonView.swift */ = {isa = PBXFileReference; lastKnownFileType = sourcecode.swift; path = SettingsButtonView.swift; sourceTree = "<group>"; };
		71BAE8CE27FB9EF100EC6B66 /* UIKit Mixed With SwiftUI.app */ = {isa = PBXFileReference; explicitFileType = wrapper.application; includeInIndex = 0; path = "UIKit Mixed With SwiftUI.app"; sourceTree = BUILT_PRODUCTS_DIR; };
		71BAE8D127FB9EF100EC6B66 /* AppDelegate.swift */ = {isa = PBXFileReference; lastKnownFileType = sourcecode.swift; path = AppDelegate.swift; sourceTree = "<group>"; };
		71BAE8D327FB9EF100EC6B66 /* SceneDelegate.swift */ = {isa = PBXFileReference; lastKnownFileType = sourcecode.swift; path = SceneDelegate.swift; sourceTree = "<group>"; };
		71BAE8D527FB9EF100EC6B66 /* ViewController.swift */ = {isa = PBXFileReference; lastKnownFileType = sourcecode.swift; path = ViewController.swift; sourceTree = "<group>"; };
		71BAE8D827FB9EF100EC6B66 /* Base */ = {isa = PBXFileReference; lastKnownFileType = file.storyboard; name = Base; path = Base.lproj/Main.storyboard; sourceTree = "<group>"; };
		71BAE8DA27FB9EF200EC6B66 /* Assets.xcassets */ = {isa = PBXFileReference; lastKnownFileType = folder.assetcatalog; path = Assets.xcassets; sourceTree = "<group>"; };
		71BAE8DD27FB9EF200EC6B66 /* Base */ = {isa = PBXFileReference; lastKnownFileType = file.storyboard; name = Base; path = Base.lproj/LaunchScreen.storyboard; sourceTree = "<group>"; };
		71BAE8DF27FB9EF200EC6B66 /* Info.plist */ = {isa = PBXFileReference; lastKnownFileType = text.plist.xml; path = Info.plist; sourceTree = "<group>"; };
		71BAE8E527FB9FAB00EC6B66 /* SettingsView.swift */ = {isa = PBXFileReference; lastKnownFileType = sourcecode.swift; path = SettingsView.swift; sourceTree = "<group>"; };
/* End PBXFileReference section */

/* Begin PBXFrameworksBuildPhase section */
		71BAE8CB27FB9EF100EC6B66 /* Frameworks */ = {
			isa = PBXFrameworksBuildPhase;
			buildActionMask = 2147483647;
			files = (
			);
			runOnlyForDeploymentPostprocessing = 0;
		};
/* End PBXFrameworksBuildPhase section */

/* Begin PBXGroup section */
		71BAE8C527FB9EF100EC6B66 = {
			isa = PBXGroup;
			children = (
				71BAE8D027FB9EF100EC6B66 /* UIKit Mixed With SwiftUI */,
				71BAE8CF27FB9EF100EC6B66 /* Products */,
			);
			sourceTree = "<group>";
		};
		71BAE8CF27FB9EF100EC6B66 /* Products */ = {
			isa = PBXGroup;
			children = (
				71BAE8CE27FB9EF100EC6B66 /* UIKit Mixed With SwiftUI.app */,
			);
			name = Products;
			sourceTree = "<group>";
		};
		71BAE8D027FB9EF100EC6B66 /* UIKit Mixed With SwiftUI */ = {
			isa = PBXGroup;
			children = (
				71BAE8D127FB9EF100EC6B66 /* AppDelegate.swift */,
				71BAE8D327FB9EF100EC6B66 /* SceneDelegate.swift */,
				71BAE8D527FB9EF100EC6B66 /* ViewController.swift */,
				71BAE8E527FB9FAB00EC6B66 /* SettingsView.swift */,
				71BAE8D727FB9EF100EC6B66 /* Main.storyboard */,
				71BAE8DA27FB9EF200EC6B66 /* Assets.xcassets */,
				71BAE8DC27FB9EF200EC6B66 /* LaunchScreen.storyboard */,
				71BAE8DF27FB9EF200EC6B66 /* Info.plist */,
				714830FC27FBA14C00431176 /* ProfileAvatar.swift */,
				714830FE27FBA9F400431176 /* SettingsButtonView.swift */,
			);
			path = "UIKit Mixed With SwiftUI";
			sourceTree = "<group>";
		};
/* End PBXGroup section */

/* Begin PBXNativeTarget section */
		71BAE8CD27FB9EF100EC6B66 /* UIKit Mixed With SwiftUI */ = {
			isa = PBXNativeTarget;
			buildConfigurationList = 71BAE8E227FB9EF200EC6B66 /* Build configuration list for PBXNativeTarget "UIKit Mixed With SwiftUI" */;
			buildPhases = (
				71BAE8CA27FB9EF100EC6B66 /* Sources */,
				71BAE8CB27FB9EF100EC6B66 /* Frameworks */,
				71BAE8CC27FB9EF100EC6B66 /* Resources */,
			);
			buildRules = (
			);
			dependencies = (
			);
			name = "UIKit Mixed With SwiftUI";
			productName = "UIKit Mixed With SwiftUI";
			productReference = 71BAE8CE27FB9EF100EC6B66 /* UIKit Mixed With SwiftUI.app */;
			productType = "com.apple.product-type.application";
		};
/* End PBXNativeTarget section */

/* Begin PBXProject section */
		71BAE8C627FB9EF100EC6B66 /* Project object */ = {
			isa = PBXProject;
			attributes = {
				BuildIndependentTargetsInParallel = 1;
				LastSwiftUpdateCheck = 1330;
				LastUpgradeCheck = 1330;
				TargetAttributes = {
					71BAE8CD27FB9EF100EC6B66 = {
						CreatedOnToolsVersion = 13.3;
					};
				};
			};
			buildConfigurationList = 71BAE8C927FB9EF100EC6B66 /* Build configuration list for PBXProject "UIKit Mixed With SwiftUI" */;
			compatibilityVersion = "Xcode 13.0";
			developmentRegion = en;
			hasScannedForEncodings = 0;
			knownRegions = (
				en,
				Base,
			);
			mainGroup = 71BAE8C527FB9EF100EC6B66;
			productRefGroup = 71BAE8CF27FB9EF100EC6B66 /* Products */;
			projectDirPath = "";
			projectRoot = "";
			targets = (
				71BAE8CD27FB9EF100EC6B66 /* UIKit Mixed With SwiftUI */,
			);
		};
/* End PBXProject section */

/* Begin PBXResourcesBuildPhase section */
		71BAE8CC27FB9EF100EC6B66 /* Resources */ = {
			isa = PBXResourcesBuildPhase;
			buildActionMask = 2147483647;
			files = (
				71BAE8DE27FB9EF200EC6B66 /* LaunchScreen.storyboard in Resources */,
				71BAE8DB27FB9EF200EC6B66 /* Assets.xcassets in Resources */,
				71BAE8D927FB9EF100EC6B66 /* Main.storyboard in Resources */,
			);
			runOnlyForDeploymentPostprocessing = 0;
		};
/* End PBXResourcesBuildPhase section */

/* Begin PBXSourcesBuildPhase section */
		71BAE8CA27FB9EF100EC6B66 /* Sources */ = {
			isa = PBXSourcesBuildPhase;
			buildActionMask = 2147483647;
			files = (
				71BAE8D627FB9EF100EC6B66 /* ViewController.swift in Sources */,
				714830FF27FBA9F400431176 /* SettingsButtonView.swift in Sources */,
				714830FD27FBA14C00431176 /* ProfileAvatar.swift in Sources */,
				71BAE8E627FB9FAB00EC6B66 /* SettingsView.swift in Sources */,
				71BAE8D227FB9EF100EC6B66 /* AppDelegate.swift in Sources */,
				71BAE8D427FB9EF100EC6B66 /* SceneDelegate.swift in Sources */,
			);
			runOnlyForDeploymentPostprocessing = 0;
		};
/* End PBXSourcesBuildPhase section */

/* Begin PBXVariantGroup section */
		71BAE8D727FB9EF100EC6B66 /* Main.storyboard */ = {
			isa = PBXVariantGroup;
			children = (
				71BAE8D827FB9EF100EC6B66 /* Base */,
			);
			name = Main.storyboard;
			sourceTree = "<group>";
		};
		71BAE8DC27FB9EF200EC6B66 /* LaunchScreen.storyboard */ = {
			isa = PBXVariantGroup;
			children = (
				71BAE8DD27FB9EF200EC6B66 /* Base */,
			);
			name = LaunchScreen.storyboard;
			sourceTree = "<group>";
		};
/* End PBXVariantGroup section */

/* Begin XCBuildConfiguration section */
		71BAE8E027FB9EF200EC6B66 /* Debug */ = {
			isa = XCBuildConfiguration;
			buildSettings = {
				ALWAYS_SEARCH_USER_PATHS = NO;
				CLANG_ANALYZER_NONNULL = YES;
				CLANG_ANALYZER_NUMBER_OBJECT_CONVERSION = YES_AGGRESSIVE;
				CLANG_CXX_LANGUAGE_STANDARD = "gnu++17";
				CLANG_ENABLE_MODULES = YES;
				CLANG_ENABLE_OBJC_ARC = YES;
				CLANG_ENABLE_OBJC_WEAK = YES;
				CLANG_WARN_BLOCK_CAPTURE_AUTORELEASING = YES;
				CLANG_WARN_BOOL_CONVERSION = YES;
				CLANG_WARN_COMMA = YES;
				CLANG_WARN_CONSTANT_CONVERSION = YES;
				CLANG_WARN_DEPRECATED_OBJC_IMPLEMENTATIONS = YES;
				CLANG_WARN_DIRECT_OBJC_ISA_USAGE = YES_ERROR;
				CLANG_WARN_DOCUMENTATION_COMMENTS = YES;
				CLANG_WARN_EMPTY_BODY = YES;
				CLANG_WARN_ENUM_CONVERSION = YES;
				CLANG_WARN_INFINITE_RECURSION = YES;
				CLANG_WARN_INT_CONVERSION = YES;
				CLANG_WARN_NON_LITERAL_NULL_CONVERSION = YES;
				CLANG_WARN_OBJC_IMPLICIT_RETAIN_SELF = YES;
				CLANG_WARN_OBJC_LITERAL_CONVERSION = YES;
				CLANG_WARN_OBJC_ROOT_CLASS = YES_ERROR;
				CLANG_WARN_QUOTED_INCLUDE_IN_FRAMEWORK_HEADER = YES;
				CLANG_WARN_RANGE_LOOP_ANALYSIS = YES;
				CLANG_WARN_STRICT_PROTOTYPES = YES;
				CLANG_WARN_SUSPICIOUS_MOVE = YES;
				CLANG_WARN_UNGUARDED_AVAILABILITY = YES_AGGRESSIVE;
				CLANG_WARN_UNREACHABLE_CODE = YES;
				CLANG_WARN__DUPLICATE_METHOD_MATCH = YES;
				COPY_PHASE_STRIP = NO;
				DEBUG_INFORMATION_FORMAT = dwarf;
				ENABLE_STRICT_OBJC_MSGSEND = YES;
				ENABLE_TESTABILITY = YES;
				GCC_C_LANGUAGE_STANDARD = gnu11;
				GCC_DYNAMIC_NO_PIC = NO;
				GCC_NO_COMMON_BLOCKS = YES;
				GCC_OPTIMIZATION_LEVEL = 0;
				GCC_PREPROCESSOR_DEFINITIONS = (
					"DEBUG=1",
					"$(inherited)",
				);
				GCC_WARN_64_TO_32_BIT_CONVERSION = YES;
				GCC_WARN_ABOUT_RETURN_TYPE = YES_ERROR;
				GCC_WARN_UNDECLARED_SELECTOR = YES;
				GCC_WARN_UNINITIALIZED_AUTOS = YES_AGGRESSIVE;
				GCC_WARN_UNUSED_FUNCTION = YES;
				GCC_WARN_UNUSED_VARIABLE = YES;
				IPHONEOS_DEPLOYMENT_TARGET = 15.4;
				MTL_ENABLE_DEBUG_INFO = INCLUDE_SOURCE;
				MTL_FAST_MATH = YES;
				ONLY_ACTIVE_ARCH = YES;
				SDKROOT = iphoneos;
				SWIFT_ACTIVE_COMPILATION_CONDITIONS = DEBUG;
				SWIFT_OPTIMIZATION_LEVEL = "-Onone";
			};
			name = Debug;
		};
		71BAE8E127FB9EF200EC6B66 /* Release */ = {
			isa = XCBuildConfiguration;
			buildSettings = {
				ALWAYS_SEARCH_USER_PATHS = NO;
				CLANG_ANALYZER_NONNULL = YES;
				CLANG_ANALYZER_NUMBER_OBJECT_CONVERSION = YES_AGGRESSIVE;
				CLANG_CXX_LANGUAGE_STANDARD = "gnu++17";
				CLANG_ENABLE_MODULES = YES;
				CLANG_ENABLE_OBJC_ARC = YES;
				CLANG_ENABLE_OBJC_WEAK = YES;
				CLANG_WARN_BLOCK_CAPTURE_AUTORELEASING = YES;
				CLANG_WARN_BOOL_CONVERSION = YES;
				CLANG_WARN_COMMA = YES;
				CLANG_WARN_CONSTANT_CONVERSION = YES;
				CLANG_WARN_DEPRECATED_OBJC_IMPLEMENTATIONS = YES;
				CLANG_WARN_DIRECT_OBJC_ISA_USAGE = YES_ERROR;
				CLANG_WARN_DOCUMENTATION_COMMENTS = YES;
				CLANG_WARN_EMPTY_BODY = YES;
				CLANG_WARN_ENUM_CONVERSION = YES;
				CLANG_WARN_INFINITE_RECURSION = YES;
				CLANG_WARN_INT_CONVERSION = YES;
				CLANG_WARN_NON_LITERAL_NULL_CONVERSION = YES;
				CLANG_WARN_OBJC_IMPLICIT_RETAIN_SELF = YES;
				CLANG_WARN_OBJC_LITERAL_CONVERSION = YES;
				CLANG_WARN_OBJC_ROOT_CLASS = YES_ERROR;
				CLANG_WARN_QUOTED_INCLUDE_IN_FRAMEWORK_HEADER = YES;
				CLANG_WARN_RANGE_LOOP_ANALYSIS = YES;
				CLANG_WARN_STRICT_PROTOTYPES = YES;
				CLANG_WARN_SUSPICIOUS_MOVE = YES;
				CLANG_WARN_UNGUARDED_AVAILABILITY = YES_AGGRESSIVE;
				CLANG_WARN_UNREACHABLE_CODE = YES;
				CLANG_WARN__DUPLICATE_METHOD_MATCH = YES;
				COPY_PHASE_STRIP = NO;
				DEBUG_INFORMATION_FORMAT = "dwarf-with-dsym";
				ENABLE_NS_ASSERTIONS = NO;
				ENABLE_STRICT_OBJC_MSGSEND = YES;
				GCC_C_LANGUAGE_STANDARD = gnu11;
				GCC_NO_COMMON_BLOCKS = YES;
				GCC_WARN_64_TO_32_BIT_CONVERSION = YES;
				GCC_WARN_ABOUT_RETURN_TYPE = YES_ERROR;
				GCC_WARN_UNDECLARED_SELECTOR = YES;
				GCC_WARN_UNINITIALIZED_AUTOS = YES_AGGRESSIVE;
				GCC_WARN_UNUSED_FUNCTION = YES;
				GCC_WARN_UNUSED_VARIABLE = YES;
				IPHONEOS_DEPLOYMENT_TARGET = 15.4;
				MTL_ENABLE_DEBUG_INFO = NO;
				MTL_FAST_MATH = YES;
				SDKROOT = iphoneos;
				SWIFT_COMPILATION_MODE = wholemodule;
				SWIFT_OPTIMIZATION_LEVEL = "-O";
				VALIDATE_PRODUCT = YES;
			};
			name = Release;
		};
		71BAE8E327FB9EF200EC6B66 /* Debug */ = {
			isa = XCBuildConfiguration;
			buildSettings = {
				ASSETCATALOG_COMPILER_APPICON_NAME = AppIcon;
				ASSETCATALOG_COMPILER_GLOBAL_ACCENT_COLOR_NAME = AccentColor;
				CODE_SIGN_STYLE = Automatic;
				CURRENT_PROJECT_VERSION = 1;
				GENERATE_INFOPLIST_FILE = YES;
				INFOPLIST_FILE = "UIKit Mixed With SwiftUI/Info.plist";
				INFOPLIST_KEY_UIApplicationSupportsIndirectInputEvents = YES;
				INFOPLIST_KEY_UILaunchStoryboardName = LaunchScreen;
				INFOPLIST_KEY_UIMainStoryboardFile = Main;
				INFOPLIST_KEY_UISupportedInterfaceOrientations_iPad = "UIInterfaceOrientationPortrait UIInterfaceOrientationPortraitUpsideDown UIInterfaceOrientationLandscapeLeft UIInterfaceOrientationLandscapeRight";
				INFOPLIST_KEY_UISupportedInterfaceOrientations_iPhone = "UIInterfaceOrientationPortrait UIInterfaceOrientationLandscapeLeft UIInterfaceOrientationLandscapeRight";
				LD_RUNPATH_SEARCH_PATHS = (
					"$(inherited)",
					"@executable_path/Frameworks",
				);
				MARKETING_VERSION = 1.0;
				PRODUCT_BUNDLE_IDENTIFIER = "com.jlopesoares.UIKit-Mixed-With-SwiftUI";
				PRODUCT_NAME = "$(TARGET_NAME)";
				SWIFT_EMIT_LOC_STRINGS = YES;
				SWIFT_VERSION = 5.0;
				TARGETED_DEVICE_FAMILY = "1,2";
			};
			name = Debug;
		};
		71BAE8E427FB9EF200EC6B66 /* Release */ = {
			isa = XCBuildConfiguration;
			buildSettings = {
				ASSETCATALOG_COMPILER_APPICON_NAME = AppIcon;
				ASSETCATALOG_COMPILER_GLOBAL_ACCENT_COLOR_NAME = AccentColor;
				CODE_SIGN_STYLE = Automatic;
				CURRENT_PROJECT_VERSION = 1;
				GENERATE_INFOPLIST_FILE = YES;
				INFOPLIST_FILE = "UIKit Mixed With SwiftUI/Info.plist";
				INFOPLIST_KEY_UIApplicationSupportsIndirectInputEvents = YES;
				INFOPLIST_KEY_UILaunchStoryboardName = LaunchScreen;
				INFOPLIST_KEY_UIMainStoryboardFile = Main;
				INFOPLIST_KEY_UISupportedInterfaceOrientations_iPad = "UIInterfaceOrientationPortrait UIInterfaceOrientationPortraitUpsideDown UIInterfaceOrientationLandscapeLeft UIInterfaceOrientationLandscapeRight";
				INFOPLIST_KEY_UISupportedInterfaceOrientations_iPhone = "UIInterfaceOrientationPortrait UIInterfaceOrientationLandscapeLeft UIInterfaceOrientationLandscapeRight";
				LD_RUNPATH_SEARCH_PATHS = (
					"$(inherited)",
					"@executable_path/Frameworks",
				);
				MARKETING_VERSION = 1.0;
				PRODUCT_BUNDLE_IDENTIFIER = "com.jlopesoares.UIKit-Mixed-With-SwiftUI";
				PRODUCT_NAME = "$(TARGET_NAME)";
				SWIFT_EMIT_LOC_STRINGS = YES;
				SWIFT_VERSION = 5.0;
				TARGETED_DEVICE_FAMILY = "1,2";
			};
			name = Release;
		};
/* End XCBuildConfiguration section */

/* Begin XCConfigurationList section */
		71BAE8C927FB9EF100EC6B66 /* Build configuration list for PBXProject "UIKit Mixed With SwiftUI" */ = {
			isa = XCConfigurationList;
			buildConfigurations = (
				71BAE8E027FB9EF200EC6B66 /* Debug */,
				71BAE8E127FB9EF200EC6B66 /* Release */,
			);
			defaultConfigurationIsVisible = 0;
			defaultConfigurationName = Release;
		};
		71BAE8E227FB9EF200EC6B66 /* Build configuration list for PBXNativeTarget "UIKit Mixed With SwiftUI" */ = {
			isa = XCConfigurationList;
			buildConfigurations = (
				71BAE8E327FB9EF200EC6B66 /* Debug */,
				71BAE8E427FB9EF200EC6B66 /* Release */,
			);
			defaultConfigurationIsVisible = 0;
			defaultConfigurationName = Release;
		};
/* End XCConfigurationList section */
	};
	rootObject = 71BAE8C627FB9EF100EC6B66 /* Project object */;
}
